
Microsoft Visual Studio Solution File, Format Version 12.00
# Visual Studio 14
VisualStudioVersion = 14.0.25420.1
MinimumVisualStudioVersion = 10.0.40219.1
Project("{FAE04EC0-301F-11D3-BF4B-00C04F79EFBC}") = "LetsTestATP", "LetsTestATP\LetsTestATP.csproj", "{EBC1C5E5-27F4-4CB0-921C-184A5D991AAF}"
EndProject
Project("{2150E333-8FDC-42A3-9474-1A3956D46DE8}") = "Solution Items", "Solution Items", "{DC1E412A-70DB-47A1-9667-7A137289BD67}"
	ProjectSection(SolutionItems) = preProject
		App.config = App.config
		Drivers\Firefox\geckodriver.exe = Drivers\Firefox\geckodriver.exe
	EndProjectSection
EndProject
Global
	GlobalSection(SolutionConfigurationPlatforms) = preSolution
		Debug|Any CPU = Debug|Any CPU
		Release|Any CPU = Release|Any CPU
	EndGlobalSection
	GlobalSection(ProjectConfigurationPlatforms) = postSolution
		{EBC1C5E5-27F4-4CB0-921C-184A5D991AAF}.Debug|Any CPU.ActiveCfg = Debug|Any CPU
		{EBC1C5E5-27F4-4CB0-921C-184A5D991AAF}.Debug|Any CPU.Build.0 = Debug|Any CPU
		{EBC1C5E5-27F4-4CB0-921C-184A5D991AAF}.Release|Any CPU.ActiveCfg = Release|Any CPU
		{EBC1C5E5-27F4-4CB0-921C-184A5D991AAF}.Release|Any CPU.Build.0 = Release|Any CPU
	EndGlobalSection
	GlobalSection(SolutionProperties) = preSolution
		HideSolutionNode = FALSE
	EndGlobalSection
EndGlobal
